// !$*UTF8*$!
{
	archiveVersion = 1;
	classes = {
	};
	objectVersion = 77;
	objects = {

/* Begin PBXBuildFile section */
		7C266CA72E12CB0E005BBBED /* FormFieldView.swift in Sources */ = {isa = PBXBuildFile; fileRef = 7C266CA62E12CB03005BBBED /* FormFieldView.swift */; };
		7C5117782E13133A0021E518 /* KeyboardHandler.swift in Sources */ = {isa = PBXBuildFile; fileRef = 7C5117772E1313300021E518 /* KeyboardHandler.swift */; };
		7C5117892E1404260021E518 /* AuthModels.swift in Sources */ = {isa = PBXBuildFile; fileRef = 7C5117882E1404250021E518 /* AuthModels.swift */; };
		7C51178B2E1404D80021E518 /* AuthInteractor.swift in Sources */ = {isa = PBXBuildFile; fileRef = 7C51178A2E1404D30021E518 /* AuthInteractor.swift */; };
		7C51178D2E1405230021E518 /* AuthWorker.swift in Sources */ = {isa = PBXBuildFile; fileRef = 7C51178C2E1405170021E518 /* AuthWorker.swift */; };
		7C51178F2E14054B0021E518 /* AuthPresenter.swift in Sources */ = {isa = PBXBuildFile; fileRef = 7C51178E2E14054A0021E518 /* AuthPresenter.swift */; };
		7C7A87D92E0D72EA00F9C685 /* Assets.xcassets in Resources */ = {isa = PBXBuildFile; fileRef = 7C7A87CF2E0D72EA00F9C685 /* Assets.xcassets */; };
		7C7A87DA2E0D72EA00F9C685 /* LaunchScreen.storyboard in Resources */ = {isa = PBXBuildFile; fileRef = 7C7A87D12E0D72EA00F9C685 /* LaunchScreen.storyboard */; };
		7C7A87DC2E0D72EA00F9C685 /* AppDelegate.swift in Sources */ = {isa = PBXBuildFile; fileRef = 7C7A87D42E0D72EA00F9C685 /* AppDelegate.swift */; };
		7C7A87DD2E0D72EA00F9C685 /* SceneDelegate.swift in Sources */ = {isa = PBXBuildFile; fileRef = 7C7A87D62E0D72EA00F9C685 /* SceneDelegate.swift */; };
		7C7A87DE2E0D72EA00F9C685 /* AuthViewController.swift in Sources */ = {isa = PBXBuildFile; fileRef = 7C7A87D72E0D72EA00F9C685 /* AuthViewController.swift */; };
		7C7A87E12E0D741C00F9C685 /* Alamofire in Frameworks */ = {isa = PBXBuildFile; productRef = 7C7A87E02E0D741C00F9C685 /* Alamofire */; };
		7C7A87E42E0D7C6500F9C685 /* SnapKit in Frameworks */ = {isa = PBXBuildFile; productRef = 7C7A87E32E0D7C6500F9C685 /* SnapKit */; };
		7CE493FB2E1498CB005E8272 /* KeychainService.swift in Sources */ = {isa = PBXBuildFile; fileRef = 7CE493FA2E1498C3005E8272 /* KeychainService.swift */; };
		7CE493FE2E149960005E8272 /* DevExamViewController.swift in Sources */ = {isa = PBXBuildFile; fileRef = 7CE493FD2E149957005E8272 /* DevExamViewController.swift */; };
		7CE494002E149DE2005E8272 /* AuthRouter.swift in Sources */ = {isa = PBXBuildFile; fileRef = 7CE493FF2E149DE1005E8272 /* AuthRouter.swift */; };
		7CE494022E14A49C005E8272 /* DevExamModels.swift in Sources */ = {isa = PBXBuildFile; fileRef = 7CE494012E14A49B005E8272 /* DevExamModels.swift */; };
		7CE494042E14A4DE005E8272 /* DevExamWorker.swift in Sources */ = {isa = PBXBuildFile; fileRef = 7CE494032E14A4DD005E8272 /* DevExamWorker.swift */; };
		7CE494062E14A502005E8272 /* DevExamInteractor.swift in Sources */ = {isa = PBXBuildFile; fileRef = 7CE494052E14A501005E8272 /* DevExamInteractor.swift */; };
		7CE494082E14A53C005E8272 /* DevExamPresenter.swift in Sources */ = {isa = PBXBuildFile; fileRef = 7CE494072E14A52C005E8272 /* DevExamPresenter.swift */; };
		7CE4940A2E14A69F005E8272 /* PostCell.swift in Sources */ = {isa = PBXBuildFile; fileRef = 7CE494092E14A69D005E8272 /* PostCell.swift */; };
		7CE4940D2E14B08E005E8272 /* Kingfisher in Frameworks */ = {isa = PBXBuildFile; productRef = 7CE4940C2E14B08E005E8272 /* Kingfisher */; };
		7CE4940F2E14BA42005E8272 /* DateFormatterHelper.swift in Sources */ = {isa = PBXBuildFile; fileRef = 7CE4940E2E14BA40005E8272 /* DateFormatterHelper.swift */; };
		7CE494112E14BCDE005E8272 /* MainTabBarController.swift in Sources */ = {isa = PBXBuildFile; fileRef = 7CE494102E14BCD1005E8272 /* MainTabBarController.swift */; };
		7CE494132E14BD16005E8272 /* PlaceholderViewController.swift in Sources */ = {isa = PBXBuildFile; fileRef = 7CE494122E14BD14005E8272 /* PlaceholderViewController.swift */; };
		7CE494152E14CF1A005E8272 /* DevExamSortViewController.swift in Sources */ = {isa = PBXBuildFile; fileRef = 7CE494142E14CF18005E8272 /* DevExamSortViewController.swift */; };
/* End PBXBuildFile section */

/* Begin PBXFileReference section */
		7C266CA62E12CB03005BBBED /* FormFieldView.swift */ = {isa = PBXFileReference; lastKnownFileType = sourcecode.swift; path = FormFieldView.swift; sourceTree = "<group>"; };
		7C5117772E1313300021E518 /* KeyboardHandler.swift */ = {isa = PBXFileReference; lastKnownFileType = sourcecode.swift; path = KeyboardHandler.swift; sourceTree = "<group>"; };
		7C5117882E1404250021E518 /* AuthModels.swift */ = {isa = PBXFileReference; lastKnownFileType = sourcecode.swift; path = AuthModels.swift; sourceTree = "<group>"; };
		7C51178A2E1404D30021E518 /* AuthInteractor.swift */ = {isa = PBXFileReference; lastKnownFileType = sourcecode.swift; path = AuthInteractor.swift; sourceTree = "<group>"; };
		7C51178C2E1405170021E518 /* AuthWorker.swift */ = {isa = PBXFileReference; lastKnownFileType = sourcecode.swift; path = AuthWorker.swift; sourceTree = "<group>"; };
		7C51178E2E14054A0021E518 /* AuthPresenter.swift */ = {isa = PBXFileReference; lastKnownFileType = sourcecode.swift; path = AuthPresenter.swift; sourceTree = "<group>"; };
		7C7A87B52E0D71C400F9C685 /* LTechTest.app */ = {isa = PBXFileReference; explicitFileType = wrapper.application; includeInIndex = 0; path = LTechTest.app; sourceTree = BUILT_PRODUCTS_DIR; };
		7C7A87CF2E0D72EA00F9C685 /* Assets.xcassets */ = {isa = PBXFileReference; lastKnownFileType = folder.assetcatalog; path = Assets.xcassets; sourceTree = "<group>"; };
		7C7A87D02E0D72EA00F9C685 /* Base */ = {isa = PBXFileReference; lastKnownFileType = file.storyboard; name = Base; path = Base.lproj/LaunchScreen.storyboard; sourceTree = "<group>"; };
		7C7A87D42E0D72EA00F9C685 /* AppDelegate.swift */ = {isa = PBXFileReference; lastKnownFileType = sourcecode.swift; path = AppDelegate.swift; sourceTree = "<group>"; };
		7C7A87D52E0D72EA00F9C685 /* Info.plist */ = {isa = PBXFileReference; lastKnownFileType = text.plist.xml; path = Info.plist; sourceTree = "<group>"; };
		7C7A87D62E0D72EA00F9C685 /* SceneDelegate.swift */ = {isa = PBXFileReference; lastKnownFileType = sourcecode.swift; path = SceneDelegate.swift; sourceTree = "<group>"; };
		7C7A87D72E0D72EA00F9C685 /* AuthViewController.swift */ = {isa = PBXFileReference; lastKnownFileType = sourcecode.swift; path = AuthViewController.swift; sourceTree = "<group>"; };
		7CE493FA2E1498C3005E8272 /* KeychainService.swift */ = {isa = PBXFileReference; lastKnownFileType = sourcecode.swift; path = KeychainService.swift; sourceTree = "<group>"; };
		7CE493FD2E149957005E8272 /* DevExamViewController.swift */ = {isa = PBXFileReference; lastKnownFileType = sourcecode.swift; path = DevExamViewController.swift; sourceTree = "<group>"; };
		7CE493FF2E149DE1005E8272 /* AuthRouter.swift */ = {isa = PBXFileReference; lastKnownFileType = sourcecode.swift; path = AuthRouter.swift; sourceTree = "<group>"; };
		7CE494012E14A49B005E8272 /* DevExamModels.swift */ = {isa = PBXFileReference; lastKnownFileType = sourcecode.swift; path = DevExamModels.swift; sourceTree = "<group>"; };
		7CE494032E14A4DD005E8272 /* DevExamWorker.swift */ = {isa = PBXFileReference; lastKnownFileType = sourcecode.swift; path = DevExamWorker.swift; sourceTree = "<group>"; };
		7CE494052E14A501005E8272 /* DevExamInteractor.swift */ = {isa = PBXFileReference; lastKnownFileType = sourcecode.swift; path = DevExamInteractor.swift; sourceTree = "<group>"; };
		7CE494072E14A52C005E8272 /* DevExamPresenter.swift */ = {isa = PBXFileReference; lastKnownFileType = sourcecode.swift; path = DevExamPresenter.swift; sourceTree = "<group>"; };
		7CE494092E14A69D005E8272 /* PostCell.swift */ = {isa = PBXFileReference; lastKnownFileType = sourcecode.swift; path = PostCell.swift; sourceTree = "<group>"; };
		7CE4940E2E14BA40005E8272 /* DateFormatterHelper.swift */ = {isa = PBXFileReference; lastKnownFileType = sourcecode.swift; path = DateFormatterHelper.swift; sourceTree = "<group>"; };
		7CE494102E14BCD1005E8272 /* MainTabBarController.swift */ = {isa = PBXFileReference; lastKnownFileType = sourcecode.swift; path = MainTabBarController.swift; sourceTree = "<group>"; };
		7CE494122E14BD14005E8272 /* PlaceholderViewController.swift */ = {isa = PBXFileReference; lastKnownFileType = sourcecode.swift; path = PlaceholderViewController.swift; sourceTree = "<group>"; };
		7CE494142E14CF18005E8272 /* DevExamSortViewController.swift */ = {isa = PBXFileReference; lastKnownFileType = sourcecode.swift; path = DevExamSortViewController.swift; sourceTree = "<group>"; };
/* End PBXFileReference section */

/* Begin PBXFrameworksBuildPhase section */
		7C7A87B22E0D71C400F9C685 /* Frameworks */ = {
			isa = PBXFrameworksBuildPhase;
			buildActionMask = 2147483647;
			files = (
				7CE4940D2E14B08E005E8272 /* Kingfisher in Frameworks */,
				7C7A87E12E0D741C00F9C685 /* Alamofire in Frameworks */,
				7C7A87E42E0D7C6500F9C685 /* SnapKit in Frameworks */,
			);
			runOnlyForDeploymentPostprocessing = 0;
		};
/* End PBXFrameworksBuildPhase section */

/* Begin PBXGroup section */
		7C266CA42E12B6E7005BBBED /* Scenes */ = {
			isa = PBXGroup;
			children = (
				7C5117872E1404040021E518 /* Auth */,
				7CE493FC2E149927005E8272 /* DevExam */,
			);
			path = Scenes;
			sourceTree = "<group>";
		};
		7C266CA52E12CAF4005BBBED /* UIComponents */ = {
			isa = PBXGroup;
			children = (
				7CE494092E14A69D005E8272 /* PostCell.swift */,
				7C266CA62E12CB03005BBBED /* FormFieldView.swift */,
			);
			path = UIComponents;
			sourceTree = "<group>";
		};
		7C5117762E1313230021E518 /* Utils */ = {
			isa = PBXGroup;
			children = (
				7CE4940E2E14BA40005E8272 /* DateFormatterHelper.swift */,
				7CE493FA2E1498C3005E8272 /* KeychainService.swift */,
				7C5117772E1313300021E518 /* KeyboardHandler.swift */,
			);
			path = Utils;
			sourceTree = "<group>";
		};
		7C5117872E1404040021E518 /* Auth */ = {
			isa = PBXGroup;
			children = (
				7CE493FF2E149DE1005E8272 /* AuthRouter.swift */,
				7C51178E2E14054A0021E518 /* AuthPresenter.swift */,
				7C51178C2E1405170021E518 /* AuthWorker.swift */,
				7C51178A2E1404D30021E518 /* AuthInteractor.swift */,
				7C5117882E1404250021E518 /* AuthModels.swift */,
				7C7A87D72E0D72EA00F9C685 /* AuthViewController.swift */,
			);
			path = Auth;
			sourceTree = "<group>";
		};
		7C7A87AC2E0D71C400F9C685 = {
			isa = PBXGroup;
			children = (
				7C7A87D82E0D72EA00F9C685 /* LTechTest */,
				7C7A87B62E0D71C400F9C685 /* Products */,
			);
			sourceTree = "<group>";
		};
		7C7A87B62E0D71C400F9C685 /* Products */ = {
			isa = PBXGroup;
			children = (
				7C7A87B52E0D71C400F9C685 /* LTechTest.app */,
			);
			name = Products;
			sourceTree = "<group>";
		};
		7C7A87D22E0D72EA00F9C685 /* Resources */ = {
			isa = PBXGroup;
			children = (
				7C7A87CF2E0D72EA00F9C685 /* Assets.xcassets */,
				7C7A87D12E0D72EA00F9C685 /* LaunchScreen.storyboard */,
			);
			path = Resources;
			sourceTree = "<group>";
		};
		7C7A87D32E0D72EA00F9C685 /* Application */ = {
			isa = PBXGroup;
			children = (
				7C7A87D42E0D72EA00F9C685 /* AppDelegate.swift */,
				7C7A87D62E0D72EA00F9C685 /* SceneDelegate.swift */,
				7CE494102E14BCD1005E8272 /* MainTabBarController.swift */,
				7CE494122E14BD14005E8272 /* PlaceholderViewController.swift */,
			);
			path = Application;
			sourceTree = "<group>";
		};
		7C7A87D82E0D72EA00F9C685 /* LTechTest */ = {
			isa = PBXGroup;
			children = (
				7C7A87D32E0D72EA00F9C685 /* Application */,
				7C266CA42E12B6E7005BBBED /* Scenes */,
				7C266CA52E12CAF4005BBBED /* UIComponents */,
				7C5117762E1313230021E518 /* Utils */,
				7C7A87D22E0D72EA00F9C685 /* Resources */,
				7C7A87D52E0D72EA00F9C685 /* Info.plist */,
			);
			path = LTechTest;
			sourceTree = "<group>";
		};
		7CE493FC2E149927005E8272 /* DevExam */ = {
			isa = PBXGroup;
			children = (
				7CE494072E14A52C005E8272 /* DevExamPresenter.swift */,
				7CE494032E14A4DD005E8272 /* DevExamWorker.swift */,
				7CE494052E14A501005E8272 /* DevExamInteractor.swift */,
				7CE494012E14A49B005E8272 /* DevExamModels.swift */,
				7CE493FD2E149957005E8272 /* DevExamViewController.swift */,
				7CE494142E14CF18005E8272 /* DevExamSortViewController.swift */,
			);
			path = DevExam;
			sourceTree = "<group>";
		};
/* End PBXGroup section */

/* Begin PBXNativeTarget section */
		7C7A87B42E0D71C400F9C685 /* LTechTest */ = {
			isa = PBXNativeTarget;
			buildConfigurationList = 7C7A87C82E0D71C700F9C685 /* Build configuration list for PBXNativeTarget "LTechTest" */;
			buildPhases = (
				7C7A87B12E0D71C400F9C685 /* Sources */,
				7C7A87B22E0D71C400F9C685 /* Frameworks */,
				7C7A87B32E0D71C400F9C685 /* Resources */,
			);
			buildRules = (
			);
			dependencies = (
			);
			name = LTechTest;
			packageProductDependencies = (
				7C7A87E02E0D741C00F9C685 /* Alamofire */,
				7C7A87E32E0D7C6500F9C685 /* SnapKit */,
				7CE4940C2E14B08E005E8272 /* Kingfisher */,
			);
			productName = LTechTest;
			productReference = 7C7A87B52E0D71C400F9C685 /* LTechTest.app */;
			productType = "com.apple.product-type.application";
		};
/* End PBXNativeTarget section */

/* Begin PBXProject section */
		7C7A87AD2E0D71C400F9C685 /* Project object */ = {
			isa = PBXProject;
			attributes = {
				BuildIndependentTargetsInParallel = 1;
				LastSwiftUpdateCheck = 1640;
				LastUpgradeCheck = 1640;
				TargetAttributes = {
					7C7A87B42E0D71C400F9C685 = {
						CreatedOnToolsVersion = 16.4;
					};
				};
			};
			buildConfigurationList = 7C7A87B02E0D71C400F9C685 /* Build configuration list for PBXProject "LTechTest" */;
			developmentRegion = en;
			hasScannedForEncodings = 0;
			knownRegions = (
				en,
				Base,
			);
			mainGroup = 7C7A87AC2E0D71C400F9C685;
			minimizedProjectReferenceProxies = 1;
			packageReferences = (
				7C7A87DF2E0D741C00F9C685 /* XCRemoteSwiftPackageReference "Alamofire" */,
				7C7A87E22E0D7C6500F9C685 /* XCRemoteSwiftPackageReference "SnapKit" */,
				7CE4940B2E14B08E005E8272 /* XCRemoteSwiftPackageReference "Kingfisher" */,
			);
			preferredProjectObjectVersion = 77;
			productRefGroup = 7C7A87B62E0D71C400F9C685 /* Products */;
			projectDirPath = "";
			projectRoot = "";
			targets = (
				7C7A87B42E0D71C400F9C685 /* LTechTest */,
			);
		};
/* End PBXProject section */

/* Begin PBXResourcesBuildPhase section */
		7C7A87B32E0D71C400F9C685 /* Resources */ = {
			isa = PBXResourcesBuildPhase;
			buildActionMask = 2147483647;
			files = (
				7C7A87D92E0D72EA00F9C685 /* Assets.xcassets in Resources */,
				7C7A87DA2E0D72EA00F9C685 /* LaunchScreen.storyboard in Resources */,
			);
			runOnlyForDeploymentPostprocessing = 0;
		};
/* End PBXResourcesBuildPhase section */

/* Begin PBXSourcesBuildPhase section */
		7C7A87B12E0D71C400F9C685 /* Sources */ = {
			isa = PBXSourcesBuildPhase;
			buildActionMask = 2147483647;
			files = (
				7CE4940A2E14A69F005E8272 /* PostCell.swift in Sources */,
				7CE494042E14A4DE005E8272 /* DevExamWorker.swift in Sources */,
				7CE494062E14A502005E8272 /* DevExamInteractor.swift in Sources */,
				7C5117782E13133A0021E518 /* KeyboardHandler.swift in Sources */,
				7CE494082E14A53C005E8272 /* DevExamPresenter.swift in Sources */,
				7C5117892E1404260021E518 /* AuthModels.swift in Sources */,
				7C51178B2E1404D80021E518 /* AuthInteractor.swift in Sources */,
				7CE493FB2E1498CB005E8272 /* KeychainService.swift in Sources */,
				7CE494132E14BD16005E8272 /* PlaceholderViewController.swift in Sources */,
				7C7A87DC2E0D72EA00F9C685 /* AppDelegate.swift in Sources */,
				7C51178F2E14054B0021E518 /* AuthPresenter.swift in Sources */,
				7C266CA72E12CB0E005BBBED /* FormFieldView.swift in Sources */,
				7C7A87DD2E0D72EA00F9C685 /* SceneDelegate.swift in Sources */,
				7CE4940F2E14BA42005E8272 /* DateFormatterHelper.swift in Sources */,
				7CE494112E14BCDE005E8272 /* MainTabBarController.swift in Sources */,
				7CE494152E14CF1A005E8272 /* DevExamSortViewController.swift in Sources */,
				7CE493FE2E149960005E8272 /* DevExamViewController.swift in Sources */,
				7C7A87DE2E0D72EA00F9C685 /* AuthViewController.swift in Sources */,
				7CE494022E14A49C005E8272 /* DevExamModels.swift in Sources */,
				7CE494002E149DE2005E8272 /* AuthRouter.swift in Sources */,
				7C51178D2E1405230021E518 /* AuthWorker.swift in Sources */,
			);
			runOnlyForDeploymentPostprocessing = 0;
		};
/* End PBXSourcesBuildPhase section */

/* Begin PBXVariantGroup section */
		7C7A87D12E0D72EA00F9C685 /* LaunchScreen.storyboard */ = {
			isa = PBXVariantGroup;
			children = (
				7C7A87D02E0D72EA00F9C685 /* Base */,
			);
			name = LaunchScreen.storyboard;
			sourceTree = "<group>";
		};
/* End PBXVariantGroup section */

/* Begin XCBuildConfiguration section */
		7C7A87C92E0D71C700F9C685 /* Debug */ = {
			isa = XCBuildConfiguration;
			buildSettings = {
				ASSETCATALOG_COMPILER_APPICON_NAME = AppIcon;
				ASSETCATALOG_COMPILER_GLOBAL_ACCENT_COLOR_NAME = AccentColor;
				CODE_SIGN_STYLE = Automatic;
				CURRENT_PROJECT_VERSION = 1;
				DEVELOPMENT_TEAM = "";
				GENERATE_INFOPLIST_FILE = YES;
				INFOPLIST_FILE = LTechTest/Info.plist;
				INFOPLIST_KEY_UIApplicationSupportsIndirectInputEvents = YES;
				INFOPLIST_KEY_UILaunchStoryboardName = LaunchScreen;
				INFOPLIST_KEY_UISupportedInterfaceOrientations = UIInterfaceOrientationPortrait;
				IPHONEOS_DEPLOYMENT_TARGET = 15.6;
				LD_RUNPATH_SEARCH_PATHS = (
					"$(inherited)",
					"@executable_path/Frameworks",
				);
				MARKETING_VERSION = 1.0;
				PRODUCT_BUNDLE_IDENTIFIER = com.example.LTechTest;
				PRODUCT_NAME = "$(TARGET_NAME)";
				SUPPORTED_PLATFORMS = "iphoneos iphonesimulator";
				SUPPORTS_MACCATALYST = NO;
				SUPPORTS_MAC_DESIGNED_FOR_IPHONE_IPAD = NO;
				SUPPORTS_XR_DESIGNED_FOR_IPHONE_IPAD = NO;
				SWIFT_EMIT_LOC_STRINGS = YES;
				SWIFT_VERSION = 5.0;
				TARGETED_DEVICE_FAMILY = 1;
			};
			name = Debug;
		};
		7C7A87CA2E0D71C700F9C685 /* Release */ = {
			isa = XCBuildConfiguration;
			buildSettings = {
				ASSETCATALOG_COMPILER_APPICON_NAME = AppIcon;
				ASSETCATALOG_COMPILER_GLOBAL_ACCENT_COLOR_NAME = AccentColor;
				CODE_SIGN_STYLE = Automatic;
				CURRENT_PROJECT_VERSION = 1;
				DEVELOPMENT_TEAM = "";
				GENERATE_INFOPLIST_FILE = YES;
				INFOPLIST_FILE = LTechTest/Info.plist;
				INFOPLIST_KEY_UIApplicationSupportsIndirectInputEvents = YES;
				INFOPLIST_KEY_UILaunchStoryboardName = LaunchScreen;
				INFOPLIST_KEY_UISupportedInterfaceOrientations = UIInterfaceOrientationPortrait;
				IPHONEOS_DEPLOYMENT_TARGET = 15.6;
				LD_RUNPATH_SEARCH_PATHS = (
					"$(inherited)",
					"@executable_path/Frameworks",
				);
				MARKETING_VERSION = 1.0;
				PRODUCT_BUNDLE_IDENTIFIER = com.example.LTechTest;
				PRODUCT_NAME = "$(TARGET_NAME)";
				SUPPORTED_PLATFORMS = "iphoneos iphonesimulator";
				SUPPORTS_MACCATALYST = NO;
				SUPPORTS_MAC_DESIGNED_FOR_IPHONE_IPAD = NO;
				SUPPORTS_XR_DESIGNED_FOR_IPHONE_IPAD = NO;
				SWIFT_EMIT_LOC_STRINGS = YES;
				SWIFT_VERSION = 5.0;
				TARGETED_DEVICE_FAMILY = 1;
			};
			name = Release;
		};
		7C7A87CB2E0D71C700F9C685 /* Debug */ = {
			isa = XCBuildConfiguration;
			buildSettings = {
				ALWAYS_SEARCH_USER_PATHS = NO;
				ASSETCATALOG_COMPILER_GENERATE_SWIFT_ASSET_SYMBOL_EXTENSIONS = YES;
				CLANG_ANALYZER_NONNULL = YES;
				CLANG_ANALYZER_NUMBER_OBJECT_CONVERSION = YES_AGGRESSIVE;
				CLANG_CXX_LANGUAGE_STANDARD = "gnu++20";
				CLANG_ENABLE_MODULES = YES;
				CLANG_ENABLE_OBJC_ARC = YES;
				CLANG_ENABLE_OBJC_WEAK = YES;
				CLANG_WARN_BLOCK_CAPTURE_AUTORELEASING = YES;
				CLANG_WARN_BOOL_CONVERSION = YES;
				CLANG_WARN_COMMA = YES;
				CLANG_WARN_CONSTANT_CONVERSION = YES;
				CLANG_WARN_DEPRECATED_OBJC_IMPLEMENTATIONS = YES;
				CLANG_WARN_DIRECT_OBJC_ISA_USAGE = YES_ERROR;
				CLANG_WARN_DOCUMENTATION_COMMENTS = YES;
				CLANG_WARN_EMPTY_BODY = YES;
				CLANG_WARN_ENUM_CONVERSION = YES;
				CLANG_WARN_INFINITE_RECURSION = YES;
				CLANG_WARN_INT_CONVERSION = YES;
				CLANG_WARN_NON_LITERAL_NULL_CONVERSION = YES;
				CLANG_WARN_OBJC_IMPLICIT_RETAIN_SELF = YES;
				CLANG_WARN_OBJC_LITERAL_CONVERSION = YES;
				CLANG_WARN_OBJC_ROOT_CLASS = YES_ERROR;
				CLANG_WARN_QUOTED_INCLUDE_IN_FRAMEWORK_HEADER = YES;
				CLANG_WARN_RANGE_LOOP_ANALYSIS = YES;
				CLANG_WARN_STRICT_PROTOTYPES = YES;
				CLANG_WARN_SUSPICIOUS_MOVE = YES;
				CLANG_WARN_UNGUARDED_AVAILABILITY = YES_AGGRESSIVE;
				CLANG_WARN_UNREACHABLE_CODE = YES;
				CLANG_WARN__DUPLICATE_METHOD_MATCH = YES;
				COPY_PHASE_STRIP = NO;
				DEBUG_INFORMATION_FORMAT = dwarf;
				ENABLE_STRICT_OBJC_MSGSEND = YES;
				ENABLE_TESTABILITY = YES;
				ENABLE_USER_SCRIPT_SANDBOXING = YES;
				GCC_C_LANGUAGE_STANDARD = gnu17;
				GCC_DYNAMIC_NO_PIC = NO;
				GCC_NO_COMMON_BLOCKS = YES;
				GCC_OPTIMIZATION_LEVEL = 0;
				GCC_PREPROCESSOR_DEFINITIONS = (
					"DEBUG=1",
					"$(inherited)",
				);
				GCC_WARN_64_TO_32_BIT_CONVERSION = YES;
				GCC_WARN_ABOUT_RETURN_TYPE = YES_ERROR;
				GCC_WARN_UNDECLARED_SELECTOR = YES;
				GCC_WARN_UNINITIALIZED_AUTOS = YES_AGGRESSIVE;
				GCC_WARN_UNUSED_FUNCTION = YES;
				GCC_WARN_UNUSED_VARIABLE = YES;
				IPHONEOS_DEPLOYMENT_TARGET = 18.5;
				LOCALIZATION_PREFERS_STRING_CATALOGS = YES;
				MTL_ENABLE_DEBUG_INFO = INCLUDE_SOURCE;
				MTL_FAST_MATH = YES;
				ONLY_ACTIVE_ARCH = YES;
				SDKROOT = iphoneos;
				SWIFT_ACTIVE_COMPILATION_CONDITIONS = "DEBUG $(inherited)";
				SWIFT_OPTIMIZATION_LEVEL = "-Onone";
			};
			name = Debug;
		};
		7C7A87CC2E0D71C700F9C685 /* Release */ = {
			isa = XCBuildConfiguration;
			buildSettings = {
				ALWAYS_SEARCH_USER_PATHS = NO;
				ASSETCATALOG_COMPILER_GENERATE_SWIFT_ASSET_SYMBOL_EXTENSIONS = YES;
				CLANG_ANALYZER_NONNULL = YES;
				CLANG_ANALYZER_NUMBER_OBJECT_CONVERSION = YES_AGGRESSIVE;
				CLANG_CXX_LANGUAGE_STANDARD = "gnu++20";
				CLANG_ENABLE_MODULES = YES;
				CLANG_ENABLE_OBJC_ARC = YES;
				CLANG_ENABLE_OBJC_WEAK = YES;
				CLANG_WARN_BLOCK_CAPTURE_AUTORELEASING = YES;
				CLANG_WARN_BOOL_CONVERSION = YES;
				CLANG_WARN_COMMA = YES;
				CLANG_WARN_CONSTANT_CONVERSION = YES;
				CLANG_WARN_DEPRECATED_OBJC_IMPLEMENTATIONS = YES;
				CLANG_WARN_DIRECT_OBJC_ISA_USAGE = YES_ERROR;
				CLANG_WARN_DOCUMENTATION_COMMENTS = YES;
				CLANG_WARN_EMPTY_BODY = YES;
				CLANG_WARN_ENUM_CONVERSION = YES;
				CLANG_WARN_INFINITE_RECURSION = YES;
				CLANG_WARN_INT_CONVERSION = YES;
				CLANG_WARN_NON_LITERAL_NULL_CONVERSION = YES;
				CLANG_WARN_OBJC_IMPLICIT_RETAIN_SELF = YES;
				CLANG_WARN_OBJC_LITERAL_CONVERSION = YES;
				CLANG_WARN_OBJC_ROOT_CLASS = YES_ERROR;
				CLANG_WARN_QUOTED_INCLUDE_IN_FRAMEWORK_HEADER = YES;
				CLANG_WARN_RANGE_LOOP_ANALYSIS = YES;
				CLANG_WARN_STRICT_PROTOTYPES = YES;
				CLANG_WARN_SUSPICIOUS_MOVE = YES;
				CLANG_WARN_UNGUARDED_AVAILABILITY = YES_AGGRESSIVE;
				CLANG_WARN_UNREACHABLE_CODE = YES;
				CLANG_WARN__DUPLICATE_METHOD_MATCH = YES;
				COPY_PHASE_STRIP = NO;
				DEBUG_INFORMATION_FORMAT = "dwarf-with-dsym";
				ENABLE_NS_ASSERTIONS = NO;
				ENABLE_STRICT_OBJC_MSGSEND = YES;
				ENABLE_USER_SCRIPT_SANDBOXING = YES;
				GCC_C_LANGUAGE_STANDARD = gnu17;
				GCC_NO_COMMON_BLOCKS = YES;
				GCC_WARN_64_TO_32_BIT_CONVERSION = YES;
				GCC_WARN_ABOUT_RETURN_TYPE = YES_ERROR;
				GCC_WARN_UNDECLARED_SELECTOR = YES;
				GCC_WARN_UNINITIALIZED_AUTOS = YES_AGGRESSIVE;
				GCC_WARN_UNUSED_FUNCTION = YES;
				GCC_WARN_UNUSED_VARIABLE = YES;
				IPHONEOS_DEPLOYMENT_TARGET = 18.5;
				LOCALIZATION_PREFERS_STRING_CATALOGS = YES;
				MTL_ENABLE_DEBUG_INFO = NO;
				MTL_FAST_MATH = YES;
				SDKROOT = iphoneos;
				SWIFT_COMPILATION_MODE = wholemodule;
				VALIDATE_PRODUCT = YES;
			};
			name = Release;
		};
/* End XCBuildConfiguration section */

/* Begin XCConfigurationList section */
		7C7A87B02E0D71C400F9C685 /* Build configuration list for PBXProject "LTechTest" */ = {
			isa = XCConfigurationList;
			buildConfigurations = (
				7C7A87CB2E0D71C700F9C685 /* Debug */,
				7C7A87CC2E0D71C700F9C685 /* Release */,
			);
			defaultConfigurationIsVisible = 0;
			defaultConfigurationName = Release;
		};
		7C7A87C82E0D71C700F9C685 /* Build configuration list for PBXNativeTarget "LTechTest" */ = {
			isa = XCConfigurationList;
			buildConfigurations = (
				7C7A87C92E0D71C700F9C685 /* Debug */,
				7C7A87CA2E0D71C700F9C685 /* Release */,
			);
			defaultConfigurationIsVisible = 0;
			defaultConfigurationName = Release;
		};
/* End XCConfigurationList section */

/* Begin XCRemoteSwiftPackageReference section */
		7C7A87DF2E0D741C00F9C685 /* XCRemoteSwiftPackageReference "Alamofire" */ = {
			isa = XCRemoteSwiftPackageReference;
			repositoryURL = "https://github.com/Alamofire/Alamofire";
			requirement = {
				kind = upToNextMajorVersion;
				minimumVersion = 5.10.2;
			};
		};
		7C7A87E22E0D7C6500F9C685 /* XCRemoteSwiftPackageReference "SnapKit" */ = {
			isa = XCRemoteSwiftPackageReference;
			repositoryURL = "https://github.com/SnapKit/SnapKit";
			requirement = {
				kind = upToNextMajorVersion;
				minimumVersion = 5.7.1;
			};
		};
		7CE4940B2E14B08E005E8272 /* XCRemoteSwiftPackageReference "Kingfisher" */ = {
			isa = XCRemoteSwiftPackageReference;
			repositoryURL = "https://github.com/onevcat/Kingfisher";
			requirement = {
				kind = upToNextMajorVersion;
				minimumVersion = 8.3.3;
			};
		};
/* End XCRemoteSwiftPackageReference section */

/* Begin XCSwiftPackageProductDependency section */
		7C7A87E02E0D741C00F9C685 /* Alamofire */ = {
			isa = XCSwiftPackageProductDependency;
			package = 7C7A87DF2E0D741C00F9C685 /* XCRemoteSwiftPackageReference "Alamofire" */;
			productName = Alamofire;
		};
		7C7A87E32E0D7C6500F9C685 /* SnapKit */ = {
			isa = XCSwiftPackageProductDependency;
			package = 7C7A87E22E0D7C6500F9C685 /* XCRemoteSwiftPackageReference "SnapKit" */;
			productName = SnapKit;
		};
		7CE4940C2E14B08E005E8272 /* Kingfisher */ = {
			isa = XCSwiftPackageProductDependency;
			package = 7CE4940B2E14B08E005E8272 /* XCRemoteSwiftPackageReference "Kingfisher" */;
			productName = Kingfisher;
		};
/* End XCSwiftPackageProductDependency section */
	};
	rootObject = 7C7A87AD2E0D71C400F9C685 /* Project object */;
}
